
Microsoft Visual Studio Solution File, Format Version 12.00
# Visual Studio Version 17
VisualStudioVersion = 17.11.35327.3
MinimumVisualStudioVersion = 10.0.40219.1
Project("{FAE04EC0-301F-11D3-BF4B-00C04F79EFBC}") = "PaymentProcessorApp", "PaymentProcessorApp\PaymentProcessorApp.csproj", "{8EDF015D-437A-4344-AAEE-6340ED655B59}"
EndProject
Global
	GlobalSection(SolutionConfigurationPlatforms) = preSolution
		Debug|Any CPU = Debug|Any CPU
		Release|Any CPU = Release|Any CPU
	EndGlobalSection
	GlobalSection(ProjectConfigurationPlatforms) = postSolution
		{8EDF015D-437A-4344-AAEE-6340ED655B59}.Debug|Any CPU.ActiveCfg = Debug|Any CPU
		{8EDF015D-437A-4344-AAEE-6340ED655B59}.Debug|Any CPU.Build.0 = Debug|Any CPU
		{8EDF015D-437A-4344-AAEE-6340ED655B59}.Release|Any CPU.ActiveCfg = Release|Any CPU
		{8EDF015D-437A-4344-AAEE-6340ED655B59}.Release|Any CPU.Build.0 = Release|Any CPU
	EndGlobalSection
	GlobalSection(SolutionProperties) = preSolution
		HideSolutionNode = FALSE
	EndGlobalSection
	GlobalSection(ExtensibilityGlobals) = postSolution
		SolutionGuid = {3FB954C0-00C2-422C-8CEB-B27260A45CBE}
	EndGlobalSection
EndGlobal
